
Microsoft Visual Studio Solution File, Format Version 12.00
# Visual Studio 14
VisualStudioVersion = 14.0.25420.1
MinimumVisualStudioVersion = 10.0.40219.1
Project("{8BC9CEB8-8B4A-11D0-8D11-00A0C91BC942}") = "GPIO", "GPIO\GPIO.vcxproj", "{CA1E0725-36EC-4918-B614-3A48077E0B3D}"
EndProject
Global
	GlobalSection(SolutionConfigurationPlatforms) = preSolution
		Debug|x86 = Debug|x86
		Release|x86 = Release|x86
	EndGlobalSection
	GlobalSection(ProjectConfigurationPlatforms) = postSolution
		{CA1E0725-36EC-4918-B614-3A48077E0B3D}.Debug|x64.ActiveCfg = Debug|Win32
		{CA1E0725-36EC-4918-B614-3A48077E0B3D}.Debug|x86.ActiveCfg = Debug|Win32
		{CA1E0725-36EC-4918-B614-3A48077E0B3D}.Debug|x86.Build.0 = Debug|Win32
		{CA1E0725-36EC-4918-B614-3A48077E0B3D}.Release|x64.ActiveCfg = Release|Win32
		{CA1E0725-36EC-4918-B614-3A48077E0B3D}.Release|x86.ActiveCfg = Release|Win32
		{CA1E0725-36EC-4918-B614-3A48077E0B3D}.Release|x86.Build.0 = Release|Win32
	EndGlobalSection
	GlobalSection(SolutionProperties) = preSolution
		HideSolutionNode = FALSE
	EndGlobalSection
EndGlobal
